// !$*UTF8*$!
{
	archiveVersion = 1;
	classes = {
	};
	objectVersion = 77;
	objects = {

/* Begin PBXBuildFile section */
		055A6444D0B21C8C1CF5DC22 /* ExchangeRateHostResponse.swift in Sources */ = {isa = PBXBuildFile; fileRef = 20DA40E5CE2B828C55CFD548 /* ExchangeRateHostResponse.swift */; };
		2AC7467894190B8EA95F030D /* RateClientTests.swift in Sources */ = {isa = PBXBuildFile; fileRef = 111305FF5A59387BE4D8503A /* RateClientTests.swift */; };
		4542ECA7B32BD008515C5A1C /* RateServiceTests.swift in Sources */ = {isa = PBXBuildFile; fileRef = 3E277F7A12B51D1FA69AD70B /* RateServiceTests.swift */; };
		59CD5B5FCABB2F51862EFBE6 /* Rate.swift in Sources */ = {isa = PBXBuildFile; fileRef = 5AD12C561E12004311EFDAE9 /* Rate.swift */; };
		7434DA2E3CDB2A43556195F5 /* RateModelTests.swift in Sources */ = {isa = PBXBuildFile; fileRef = B85D13EEB6B14A58452D6B6D /* RateModelTests.swift */; };
		78A9BB7002718701CA7399F8 /* AppIntents.framework in Frameworks */ = {isa = PBXBuildFile; fileRef = B0D9A785A8E5BBCAF0E52084 /* AppIntents.framework */; };
		8010BAA7B0558FEFF1DC1509 /* RateBarApp.swift in Sources */ = {isa = PBXBuildFile; fileRef = 5CE84B403D327752898C7B73 /* RateBarApp.swift */; };
		8B1B1B6EE6D8C4E40C0D81A0 /* RateService.swift in Sources */ = {isa = PBXBuildFile; fileRef = B472A9B726C5C3E5EB0AC0BB /* RateService.swift */; };
		947A93BEDA3FDFB25473D541 /* AppIntents.framework in Frameworks */ = {isa = PBXBuildFile; fileRef = B0D9A785A8E5BBCAF0E52084 /* AppIntents.framework */; };
		9BD1F284C60A294428EF4AB8 /* SmokeTests.swift in Sources */ = {isa = PBXBuildFile; fileRef = 6081752493D2AF9ADE1CB59E /* SmokeTests.swift */; };
		9D771BD177A14BA09F8CFEE3 /* RateClient.swift in Sources */ = {isa = PBXBuildFile; fileRef = 8D30B1BC6185D9F74BB1F489 /* RateClient.swift */; };
		ABAC997B47BE3CD5CE4734BA /* SnapshotStore.swift in Sources */ = {isa = PBXBuildFile; fileRef = 029A767550AA364788C44A71 /* SnapshotStore.swift */; };
/* End PBXBuildFile section */

/* Begin PBXContainerItemProxy section */
		CC14BA5473211C25BC7141A3 /* PBXContainerItemProxy */ = {
			isa = PBXContainerItemProxy;
			containerPortal = 9FDDA9740FC898D9525FA1AE /* Project object */;
			proxyType = 1;
			remoteGlobalIDString = F3261161562DD2D690B7DDBE;
			remoteInfo = RateBar;
		};
/* End PBXContainerItemProxy section */

/* Begin PBXFileReference section */
		029A767550AA364788C44A71 /* SnapshotStore.swift */ = {isa = PBXFileReference; lastKnownFileType = sourcecode.swift; path = SnapshotStore.swift; sourceTree = "<group>"; };
		111305FF5A59387BE4D8503A /* RateClientTests.swift */ = {isa = PBXFileReference; lastKnownFileType = sourcecode.swift; path = RateClientTests.swift; sourceTree = "<group>"; };
		20DA40E5CE2B828C55CFD548 /* ExchangeRateHostResponse.swift */ = {isa = PBXFileReference; lastKnownFileType = sourcecode.swift; path = ExchangeRateHostResponse.swift; sourceTree = "<group>"; };
		3E277F7A12B51D1FA69AD70B /* RateServiceTests.swift */ = {isa = PBXFileReference; lastKnownFileType = sourcecode.swift; path = RateServiceTests.swift; sourceTree = "<group>"; };
		5AD12C561E12004311EFDAE9 /* Rate.swift */ = {isa = PBXFileReference; lastKnownFileType = sourcecode.swift; path = Rate.swift; sourceTree = "<group>"; };
		5CE84B403D327752898C7B73 /* RateBarApp.swift */ = {isa = PBXFileReference; lastKnownFileType = sourcecode.swift; path = RateBarApp.swift; sourceTree = "<group>"; };
		6081752493D2AF9ADE1CB59E /* SmokeTests.swift */ = {isa = PBXFileReference; lastKnownFileType = sourcecode.swift; path = SmokeTests.swift; sourceTree = "<group>"; };
		8D30B1BC6185D9F74BB1F489 /* RateClient.swift */ = {isa = PBXFileReference; lastKnownFileType = sourcecode.swift; path = RateClient.swift; sourceTree = "<group>"; };
		969F0864FDEC125B337EAB28 /* RateBar.app */ = {isa = PBXFileReference; explicitFileType = wrapper.application; includeInIndex = 0; path = RateBar.app; sourceTree = BUILT_PRODUCTS_DIR; };
		B0D9A785A8E5BBCAF0E52084 /* AppIntents.framework */ = {isa = PBXFileReference; lastKnownFileType = wrapper.framework; name = AppIntents.framework; path = System/Library/Frameworks/AppIntents.framework; sourceTree = SDKROOT; };
		B472A9B726C5C3E5EB0AC0BB /* RateService.swift */ = {isa = PBXFileReference; lastKnownFileType = sourcecode.swift; path = RateService.swift; sourceTree = "<group>"; };
		B85D13EEB6B14A58452D6B6D /* RateModelTests.swift */ = {isa = PBXFileReference; lastKnownFileType = sourcecode.swift; path = RateModelTests.swift; sourceTree = "<group>"; };
		D5AD2B6940D05C9ABF1C6B1A /* RateBarTests.xctest */ = {isa = PBXFileReference; explicitFileType = wrapper.cfbundle; includeInIndex = 0; path = RateBarTests.xctest; sourceTree = BUILT_PRODUCTS_DIR; };
/* End PBXFileReference section */

/* Begin PBXFrameworksBuildPhase section */
		10673302458B949A77394D31 /* Frameworks */ = {
			isa = PBXFrameworksBuildPhase;
			buildActionMask = 2147483647;
			files = (
				947A93BEDA3FDFB25473D541 /* AppIntents.framework in Frameworks */,
			);
			runOnlyForDeploymentPostprocessing = 0;
		};
		7374AAC13251104DBCB8577B /* Frameworks */ = {
			isa = PBXFrameworksBuildPhase;
			buildActionMask = 2147483647;
			files = (
				78A9BB7002718701CA7399F8 /* AppIntents.framework in Frameworks */,
			);
			runOnlyForDeploymentPostprocessing = 0;
		};
/* End PBXFrameworksBuildPhase section */

/* Begin PBXGroup section */
		0B760741C9B1257CFCF84A89 /* RateBarTests */ = {
			isa = PBXGroup;
			children = (
				111305FF5A59387BE4D8503A /* RateClientTests.swift */,
				B85D13EEB6B14A58452D6B6D /* RateModelTests.swift */,
				3E277F7A12B51D1FA69AD70B /* RateServiceTests.swift */,
				6081752493D2AF9ADE1CB59E /* SmokeTests.swift */,
			);
			path = RateBarTests;
			sourceTree = "<group>";
		};
		5087BDA30E1C5EB5F6C00968 /* Services */ = {
			isa = PBXGroup;
			children = (
				B472A9B726C5C3E5EB0AC0BB /* RateService.swift */,
			);
			path = Services;
			sourceTree = "<group>";
		};
		74CAB4850584E4D411FC117B /* Models */ = {
			isa = PBXGroup;
			children = (
				20DA40E5CE2B828C55CFD548 /* ExchangeRateHostResponse.swift */,
				5AD12C561E12004311EFDAE9 /* Rate.swift */,
			);
			path = Models;
			sourceTree = "<group>";
		};
		7DE3C7F526733D8DBF2AB18D /* Frameworks */ = {
			isa = PBXGroup;
			children = (
				B0D9A785A8E5BBCAF0E52084 /* AppIntents.framework */,
			);
			name = Frameworks;
			sourceTree = "<group>";
		};
		8EDD9CCDD4D99C39F80443E6 /* Network */ = {
			isa = PBXGroup;
			children = (
				8D30B1BC6185D9F74BB1F489 /* RateClient.swift */,
			);
			path = Network;
			sourceTree = "<group>";
		};
		96BDF329503E760D672FB4D5 = {
			isa = PBXGroup;
			children = (
				A6D66195E3CA7AC457B5779A /* RateBar */,
				0B760741C9B1257CFCF84A89 /* RateBarTests */,
				7DE3C7F526733D8DBF2AB18D /* Frameworks */,
				9EA85C735DB92B15E29404DD /* Products */,
			);
			sourceTree = "<group>";
		};
		9EA85C735DB92B15E29404DD /* Products */ = {
			isa = PBXGroup;
			children = (
				969F0864FDEC125B337EAB28 /* RateBar.app */,
				D5AD2B6940D05C9ABF1C6B1A /* RateBarTests.xctest */,
			);
			name = Products;
			sourceTree = "<group>";
		};
		A6D66195E3CA7AC457B5779A /* RateBar */ = {
			isa = PBXGroup;
			children = (
				5CE84B403D327752898C7B73 /* RateBarApp.swift */,
				74CAB4850584E4D411FC117B /* Models */,
				8EDD9CCDD4D99C39F80443E6 /* Network */,
				5087BDA30E1C5EB5F6C00968 /* Services */,
				FE76A0F9D5DCF96ACF5210D3 /* Storage */,
			);
			path = RateBar;
			sourceTree = "<group>";
		};
		FE76A0F9D5DCF96ACF5210D3 /* Storage */ = {
			isa = PBXGroup;
			children = (
				029A767550AA364788C44A71 /* SnapshotStore.swift */,
			);
			path = Storage;
			sourceTree = "<group>";
		};
/* End PBXGroup section */

/* Begin PBXNativeTarget section */
		3320ADB2A55310A80859EAC5 /* RateBarTests */ = {
			isa = PBXNativeTarget;
			buildConfigurationList = 5909B1DFCC32873CC1F2A892 /* Build configuration list for PBXNativeTarget "RateBarTests" */;
			buildPhases = (
				EF6279550FA3D0FFC1DCE52E /* Sources */,
				7374AAC13251104DBCB8577B /* Frameworks */,
			);
			buildRules = (
			);
			dependencies = (
				E1ED99412EA567DC9E0B1042 /* PBXTargetDependency */,
			);
			name = RateBarTests;
			packageProductDependencies = (
			);
			productName = RateBarTests;
			productReference = D5AD2B6940D05C9ABF1C6B1A /* RateBarTests.xctest */;
			productType = "com.apple.product-type.bundle.unit-test";
		};
		F3261161562DD2D690B7DDBE /* RateBar */ = {
			isa = PBXNativeTarget;
			buildConfigurationList = 9B1007BBF3E673EDCDF8DB8C /* Build configuration list for PBXNativeTarget "RateBar" */;
			buildPhases = (
				EBCF0E0FACBC1B411E6E9A01 /* Sources */,
				10673302458B949A77394D31 /* Frameworks */,
			);
			buildRules = (
			);
			dependencies = (
			);
			name = RateBar;
			packageProductDependencies = (
			);
			productName = RateBar;
			productReference = 969F0864FDEC125B337EAB28 /* RateBar.app */;
			productType = "com.apple.product-type.application";
		};
/* End PBXNativeTarget section */

/* Begin PBXProject section */
		9FDDA9740FC898D9525FA1AE /* Project object */ = {
			isa = PBXProject;
			attributes = {
				BuildIndependentTargetsInParallel = YES;
				LastUpgradeCheck = 1430;
				TargetAttributes = {
					3320ADB2A55310A80859EAC5 = {
						ProvisioningStyle = Manual;
					};
					F3261161562DD2D690B7DDBE = {
						ProvisioningStyle = Manual;
					};
				};
			};
			buildConfigurationList = 7E6B9E466FBC01BAF67C7935 /* Build configuration list for PBXProject "RateBar" */;
			developmentRegion = en;
			hasScannedForEncodings = 0;
			knownRegions = (
				Base,
				en,
			);
			mainGroup = 96BDF329503E760D672FB4D5;
			minimizedProjectReferenceProxies = 1;
			preferredProjectObjectVersion = 77;
			productRefGroup = 9EA85C735DB92B15E29404DD /* Products */;
			projectDirPath = "";
			projectRoot = "";
			targets = (
				F3261161562DD2D690B7DDBE /* RateBar */,
				3320ADB2A55310A80859EAC5 /* RateBarTests */,
			);
		};
/* End PBXProject section */

/* Begin PBXSourcesBuildPhase section */
		EBCF0E0FACBC1B411E6E9A01 /* Sources */ = {
			isa = PBXSourcesBuildPhase;
			buildActionMask = 2147483647;
			files = (
				055A6444D0B21C8C1CF5DC22 /* ExchangeRateHostResponse.swift in Sources */,
				59CD5B5FCABB2F51862EFBE6 /* Rate.swift in Sources */,
				8010BAA7B0558FEFF1DC1509 /* RateBarApp.swift in Sources */,
				9D771BD177A14BA09F8CFEE3 /* RateClient.swift in Sources */,
				8B1B1B6EE6D8C4E40C0D81A0 /* RateService.swift in Sources */,
				ABAC997B47BE3CD5CE4734BA /* SnapshotStore.swift in Sources */,
			);
			runOnlyForDeploymentPostprocessing = 0;
		};
		EF6279550FA3D0FFC1DCE52E /* Sources */ = {
			isa = PBXSourcesBuildPhase;
			buildActionMask = 2147483647;
			files = (
				2AC7467894190B8EA95F030D /* RateClientTests.swift in Sources */,
				7434DA2E3CDB2A43556195F5 /* RateModelTests.swift in Sources */,
				4542ECA7B32BD008515C5A1C /* RateServiceTests.swift in Sources */,
				9BD1F284C60A294428EF4AB8 /* SmokeTests.swift in Sources */,
			);
			runOnlyForDeploymentPostprocessing = 0;
		};
/* End PBXSourcesBuildPhase section */

/* Begin PBXTargetDependency section */
		E1ED99412EA567DC9E0B1042 /* PBXTargetDependency */ = {
			isa = PBXTargetDependency;
			target = F3261161562DD2D690B7DDBE /* RateBar */;
			targetProxy = CC14BA5473211C25BC7141A3 /* PBXContainerItemProxy */;
		};
/* End PBXTargetDependency section */

/* Begin XCBuildConfiguration section */
		0E73B899C6DDC4AC24D18471 /* Release */ = {
			isa = XCBuildConfiguration;
			buildSettings = {
				BUNDLE_LOADER = "$(TEST_HOST)";
				CODE_SIGN_IDENTITY = "-";
				CODE_SIGN_STYLE = Manual;
				COMBINE_HIDPI_IMAGES = YES;
				GENERATE_INFOPLIST_FILE = YES;
				LD_RUNPATH_SEARCH_PATHS = (
					"$(inherited)",
					"@executable_path/../Frameworks",
					"@loader_path/../Frameworks",
				);
				MACOSX_DEPLOYMENT_TARGET = 26.0;
				PRODUCT_BUNDLE_IDENTIFIER = com.peter.ratebar.tests;
				SDKROOT = macosx;
				TEST_HOST = "$(BUILT_PRODUCTS_DIR)/RateBar.app/Contents/MacOS/RateBar";
			};
			name = Release;
		};
		5D4845E8383431E9AA1DA462 /* Debug */ = {
			isa = XCBuildConfiguration;
			buildSettings = {
				ASSETCATALOG_COMPILER_APPICON_NAME = AppIcon;
				CODE_SIGN_IDENTITY = "-";
				CODE_SIGN_STYLE = Manual;
				COMBINE_HIDPI_IMAGES = YES;
				GENERATE_INFOPLIST_FILE = YES;
				INFOPLIST_KEY_CFBundleDisplayName = RateBar;
				INFOPLIST_KEY_LSUIElement = YES;
				LD_RUNPATH_SEARCH_PATHS = (
					"$(inherited)",
					"@executable_path/../Frameworks",
				);
				MACOSX_DEPLOYMENT_TARGET = 26.0;
				PRODUCT_BUNDLE_IDENTIFIER = com.peter.ratebar;
				SDKROOT = macosx;
			};
			name = Debug;
		};
		734B80891042EE7B9BE6983E /* Release */ = {
			isa = XCBuildConfiguration;
			buildSettings = {
				ALWAYS_SEARCH_USER_PATHS = NO;
				CLANG_ANALYZER_NONNULL = YES;
				CLANG_ANALYZER_NUMBER_OBJECT_CONVERSION = YES_AGGRESSIVE;
				CLANG_CXX_LANGUAGE_STANDARD = "gnu++14";
				CLANG_CXX_LIBRARY = "libc++";
				CLANG_ENABLE_MODULES = YES;
				CLANG_ENABLE_OBJC_ARC = YES;
				CLANG_ENABLE_OBJC_WEAK = YES;
				CLANG_WARN_BLOCK_CAPTURE_AUTORELEASING = YES;
				CLANG_WARN_BOOL_CONVERSION = YES;
				CLANG_WARN_COMMA = YES;
				CLANG_WARN_CONSTANT_CONVERSION = YES;
				CLANG_WARN_DEPRECATED_OBJC_IMPLEMENTATIONS = YES;
				CLANG_WARN_DIRECT_OBJC_ISA_USAGE = YES_ERROR;
				CLANG_WARN_DOCUMENTATION_COMMENTS = YES;
				CLANG_WARN_EMPTY_BODY = YES;
				CLANG_WARN_ENUM_CONVERSION = YES;
				CLANG_WARN_INFINITE_RECURSION = YES;
				CLANG_WARN_INT_CONVERSION = YES;
				CLANG_WARN_NON_LITERAL_NULL_CONVERSION = YES;
				CLANG_WARN_OBJC_IMPLICIT_RETAIN_SELF = YES;
				CLANG_WARN_OBJC_LITERAL_CONVERSION = YES;
				CLANG_WARN_OBJC_ROOT_CLASS = YES_ERROR;
				CLANG_WARN_QUOTED_INCLUDE_IN_FRAMEWORK_HEADER = YES;
				CLANG_WARN_RANGE_LOOP_ANALYSIS = YES;
				CLANG_WARN_STRICT_PROTOTYPES = YES;
				CLANG_WARN_SUSPICIOUS_MOVE = YES;
				CLANG_WARN_UNGUARDED_AVAILABILITY = YES_AGGRESSIVE;
				CLANG_WARN_UNREACHABLE_CODE = YES;
				CLANG_WARN__DUPLICATE_METHOD_MATCH = YES;
				COPY_PHASE_STRIP = NO;
				CURRENT_PROJECT_VERSION = 1;
				DEBUG_INFORMATION_FORMAT = "dwarf-with-dsym";
				ENABLE_NS_ASSERTIONS = NO;
				ENABLE_STRICT_OBJC_MSGSEND = YES;
				GCC_C_LANGUAGE_STANDARD = gnu11;
				GCC_NO_COMMON_BLOCKS = YES;
				GCC_WARN_64_TO_32_BIT_CONVERSION = YES;
				GCC_WARN_ABOUT_RETURN_TYPE = YES_ERROR;
				GCC_WARN_UNDECLARED_SELECTOR = YES;
				GCC_WARN_UNINITIALIZED_AUTOS = YES_AGGRESSIVE;
				GCC_WARN_UNUSED_FUNCTION = YES;
				GCC_WARN_UNUSED_VARIABLE = YES;
				MACOSX_DEPLOYMENT_TARGET = 26.0;
				MARKETING_VERSION = 0.1.0;
				MTL_ENABLE_DEBUG_INFO = NO;
				MTL_FAST_MATH = YES;
				PRODUCT_NAME = "$(TARGET_NAME)";
				SDKROOT = macosx;
				SWIFT_COMPILATION_MODE = wholemodule;
				SWIFT_OPTIMIZATION_LEVEL = "-O";
				SWIFT_STRICT_CONCURRENCY = complete;
				SWIFT_VERSION = 6.0;
			};
			name = Release;
		};
		79617B00A8A5BF320A59F173 /* Debug */ = {
			isa = XCBuildConfiguration;
			buildSettings = {
				ALWAYS_SEARCH_USER_PATHS = NO;
				CLANG_ANALYZER_NONNULL = YES;
				CLANG_ANALYZER_NUMBER_OBJECT_CONVERSION = YES_AGGRESSIVE;
				CLANG_CXX_LANGUAGE_STANDARD = "gnu++14";
				CLANG_CXX_LIBRARY = "libc++";
				CLANG_ENABLE_MODULES = YES;
				CLANG_ENABLE_OBJC_ARC = YES;
				CLANG_ENABLE_OBJC_WEAK = YES;
				CLANG_WARN_BLOCK_CAPTURE_AUTORELEASING = YES;
				CLANG_WARN_BOOL_CONVERSION = YES;
				CLANG_WARN_COMMA = YES;
				CLANG_WARN_CONSTANT_CONVERSION = YES;
				CLANG_WARN_DEPRECATED_OBJC_IMPLEMENTATIONS = YES;
				CLANG_WARN_DIRECT_OBJC_ISA_USAGE = YES_ERROR;
				CLANG_WARN_DOCUMENTATION_COMMENTS = YES;
				CLANG_WARN_EMPTY_BODY = YES;
				CLANG_WARN_ENUM_CONVERSION = YES;
				CLANG_WARN_INFINITE_RECURSION = YES;
				CLANG_WARN_INT_CONVERSION = YES;
				CLANG_WARN_NON_LITERAL_NULL_CONVERSION = YES;
				CLANG_WARN_OBJC_IMPLICIT_RETAIN_SELF = YES;
				CLANG_WARN_OBJC_LITERAL_CONVERSION = YES;
				CLANG_WARN_OBJC_ROOT_CLASS = YES_ERROR;
				CLANG_WARN_QUOTED_INCLUDE_IN_FRAMEWORK_HEADER = YES;
				CLANG_WARN_RANGE_LOOP_ANALYSIS = YES;
				CLANG_WARN_STRICT_PROTOTYPES = YES;
				CLANG_WARN_SUSPICIOUS_MOVE = YES;
				CLANG_WARN_UNGUARDED_AVAILABILITY = YES_AGGRESSIVE;
				CLANG_WARN_UNREACHABLE_CODE = YES;
				CLANG_WARN__DUPLICATE_METHOD_MATCH = YES;
				COPY_PHASE_STRIP = NO;
				CURRENT_PROJECT_VERSION = 1;
				DEBUG_INFORMATION_FORMAT = dwarf;
				ENABLE_STRICT_OBJC_MSGSEND = YES;
				ENABLE_TESTABILITY = YES;
				GCC_C_LANGUAGE_STANDARD = gnu11;
				GCC_DYNAMIC_NO_PIC = NO;
				GCC_NO_COMMON_BLOCKS = YES;
				GCC_OPTIMIZATION_LEVEL = 0;
				GCC_PREPROCESSOR_DEFINITIONS = (
					"$(inherited)",
					"DEBUG=1",
				);
				GCC_WARN_64_TO_32_BIT_CONVERSION = YES;
				GCC_WARN_ABOUT_RETURN_TYPE = YES_ERROR;
				GCC_WARN_UNDECLARED_SELECTOR = YES;
				GCC_WARN_UNINITIALIZED_AUTOS = YES_AGGRESSIVE;
				GCC_WARN_UNUSED_FUNCTION = YES;
				GCC_WARN_UNUSED_VARIABLE = YES;
				MACOSX_DEPLOYMENT_TARGET = 26.0;
				MARKETING_VERSION = 0.1.0;
				MTL_ENABLE_DEBUG_INFO = INCLUDE_SOURCE;
				MTL_FAST_MATH = YES;
				ONLY_ACTIVE_ARCH = YES;
				PRODUCT_NAME = "$(TARGET_NAME)";
				SDKROOT = macosx;
				SWIFT_ACTIVE_COMPILATION_CONDITIONS = DEBUG;
				SWIFT_OPTIMIZATION_LEVEL = "-Onone";
				SWIFT_STRICT_CONCURRENCY = complete;
				SWIFT_VERSION = 6.0;
			};
			name = Debug;
		};
		B5A57D6C38484F5CDC8F9F0D /* Release */ = {
			isa = XCBuildConfiguration;
			buildSettings = {
				ASSETCATALOG_COMPILER_APPICON_NAME = AppIcon;
				CODE_SIGN_IDENTITY = "-";
				CODE_SIGN_STYLE = Manual;
				COMBINE_HIDPI_IMAGES = YES;
				GENERATE_INFOPLIST_FILE = YES;
				INFOPLIST_KEY_CFBundleDisplayName = RateBar;
				INFOPLIST_KEY_LSUIElement = YES;
				LD_RUNPATH_SEARCH_PATHS = (
					"$(inherited)",
					"@executable_path/../Frameworks",
				);
				MACOSX_DEPLOYMENT_TARGET = 26.0;
				PRODUCT_BUNDLE_IDENTIFIER = com.peter.ratebar;
				SDKROOT = macosx;
			};
			name = Release;
		};
		F5C4399F7DF7E1536EB80FE2 /* Debug */ = {
			isa = XCBuildConfiguration;
			buildSettings = {
				BUNDLE_LOADER = "$(TEST_HOST)";
				CODE_SIGN_IDENTITY = "-";
				CODE_SIGN_STYLE = Manual;
				COMBINE_HIDPI_IMAGES = YES;
				GENERATE_INFOPLIST_FILE = YES;
				LD_RUNPATH_SEARCH_PATHS = (
					"$(inherited)",
					"@executable_path/../Frameworks",
					"@loader_path/../Frameworks",
				);
				MACOSX_DEPLOYMENT_TARGET = 26.0;
				PRODUCT_BUNDLE_IDENTIFIER = com.peter.ratebar.tests;
				SDKROOT = macosx;
				TEST_HOST = "$(BUILT_PRODUCTS_DIR)/RateBar.app/Contents/MacOS/RateBar";
			};
			name = Debug;
		};
/* End XCBuildConfiguration section */

/* Begin XCConfigurationList section */
		5909B1DFCC32873CC1F2A892 /* Build configuration list for PBXNativeTarget "RateBarTests" */ = {
			isa = XCConfigurationList;
			buildConfigurations = (
				F5C4399F7DF7E1536EB80FE2 /* Debug */,
				0E73B899C6DDC4AC24D18471 /* Release */,
			);
			defaultConfigurationIsVisible = 0;
			defaultConfigurationName = Debug;
		};
		7E6B9E466FBC01BAF67C7935 /* Build configuration list for PBXProject "RateBar" */ = {
			isa = XCConfigurationList;
			buildConfigurations = (
				79617B00A8A5BF320A59F173 /* Debug */,
				734B80891042EE7B9BE6983E /* Release */,
			);
			defaultConfigurationIsVisible = 0;
			defaultConfigurationName = Debug;
		};
		9B1007BBF3E673EDCDF8DB8C /* Build configuration list for PBXNativeTarget "RateBar" */ = {
			isa = XCConfigurationList;
			buildConfigurations = (
				5D4845E8383431E9AA1DA462 /* Debug */,
				B5A57D6C38484F5CDC8F9F0D /* Release */,
			);
			defaultConfigurationIsVisible = 0;
			defaultConfigurationName = Debug;
		};
/* End XCConfigurationList section */
	};
	rootObject = 9FDDA9740FC898D9525FA1AE /* Project object */;
}
